
Microsoft Visual Studio Solution File, Format Version 12.00
# Visual Studio Version 17
VisualStudioVersion = 17.1.32414.318
MinimumVisualStudioVersion = 10.0.40219.1
Project("{9A19103F-16F7-4668-BE54-9A1E7A4F7556}") = "SatcomPiratesBot", "SatcomPiratesBot.csproj", "{FE31F502-616C-42FC-8C24-3FED608EF8E8}"
EndProject
Project("{FAE04EC0-301F-11D3-BF4B-00C04F79EFBC}") = "GM360ConsoleBot", "..\GM360ConsoleBot\GM360ConsoleBot.csproj", "{07364B53-0CD3-4D24-B07E-0938620CC869}"
EndProject
Global
	GlobalSection(SolutionConfigurationPlatforms) = preSolution
		Debug|Any CPU = Debug|Any CPU
		Release|Any CPU = Release|Any CPU
	EndGlobalSection
	GlobalSection(ProjectConfigurationPlatforms) = postSolution
		{FE31F502-616C-42FC-8C24-3FED608EF8E8}.Debug|Any CPU.ActiveCfg = Debug|Any CPU
		{FE31F502-616C-42FC-8C24-3FED608EF8E8}.Debug|Any CPU.Build.0 = Debug|Any CPU
		{FE31F502-616C-42FC-8C24-3FED608EF8E8}.Release|Any CPU.ActiveCfg = Release|Any CPU
		{FE31F502-616C-42FC-8C24-3FED608EF8E8}.Release|Any CPU.Build.0 = Release|Any CPU
		{07364B53-0CD3-4D24-B07E-0938620CC869}.Debug|Any CPU.ActiveCfg = Debug|Any CPU
		{07364B53-0CD3-4D24-B07E-0938620CC869}.Debug|Any CPU.Build.0 = Debug|Any CPU
		{07364B53-0CD3-4D24-B07E-0938620CC869}.Release|Any CPU.ActiveCfg = Release|Any CPU
		{07364B53-0CD3-4D24-B07E-0938620CC869}.Release|Any CPU.Build.0 = Release|Any CPU
	EndGlobalSection
	GlobalSection(SolutionProperties) = preSolution
		HideSolutionNode = FALSE
	EndGlobalSection
	GlobalSection(ExtensibilityGlobals) = postSolution
		SolutionGuid = {545A1287-5608-40A1-98D6-C8FDD75DC5AF}
	EndGlobalSection
EndGlobal
